
Microsoft Visual Studio Solution File, Format Version 12.00
# Visual Studio Version 16
VisualStudioVersion = 16.0.31911.196
MinimumVisualStudioVersion = 10.0.40219.1
Project("{9A19103F-16F7-4668-BE54-9A1E7A4F7556}") = "WebApplication", "WebApplication\WebApplication.csproj", "{14DD7C9A-A3AA-4830-A7D2-13917B16A54F}"
EndProject
Project("{FAE04EC0-301F-11D3-BF4B-00C04F79EFBC}") = "Domain", "Domain\Domain.csproj", "{FE3D63AE-92CF-477C-A09F-B41559C0F16E}"
EndProject
Project("{FAE04EC0-301F-11D3-BF4B-00C04F79EFBC}") = "Repository", "Repository\Repository.csproj", "{953F2EEC-BE2E-4416-B33C-4AE770F9900C}"
EndProject
Project("{FAE04EC0-301F-11D3-BF4B-00C04F79EFBC}") = "Services", "Services\Services.csproj", "{F6F273CA-E092-4DD9-AAF5-B5276E46EEFE}"
EndProject
Global
	GlobalSection(SolutionConfigurationPlatforms) = preSolution
		Debug|Any CPU = Debug|Any CPU
		Release|Any CPU = Release|Any CPU
	EndGlobalSection
	GlobalSection(ProjectConfigurationPlatforms) = postSolution
		{14DD7C9A-A3AA-4830-A7D2-13917B16A54F}.Debug|Any CPU.ActiveCfg = Debug|Any CPU
		{14DD7C9A-A3AA-4830-A7D2-13917B16A54F}.Debug|Any CPU.Build.0 = Debug|Any CPU
		{14DD7C9A-A3AA-4830-A7D2-13917B16A54F}.Release|Any CPU.ActiveCfg = Release|Any CPU
		{14DD7C9A-A3AA-4830-A7D2-13917B16A54F}.Release|Any CPU.Build.0 = Release|Any CPU
		{FE3D63AE-92CF-477C-A09F-B41559C0F16E}.Debug|Any CPU.ActiveCfg = Debug|Any CPU
		{FE3D63AE-92CF-477C-A09F-B41559C0F16E}.Debug|Any CPU.Build.0 = Debug|Any CPU
		{FE3D63AE-92CF-477C-A09F-B41559C0F16E}.Release|Any CPU.ActiveCfg = Release|Any CPU
		{FE3D63AE-92CF-477C-A09F-B41559C0F16E}.Release|Any CPU.Build.0 = Release|Any CPU
		{953F2EEC-BE2E-4416-B33C-4AE770F9900C}.Debug|Any CPU.ActiveCfg = Debug|Any CPU
		{953F2EEC-BE2E-4416-B33C-4AE770F9900C}.Debug|Any CPU.Build.0 = Debug|Any CPU
		{953F2EEC-BE2E-4416-B33C-4AE770F9900C}.Release|Any CPU.ActiveCfg = Release|Any CPU
		{953F2EEC-BE2E-4416-B33C-4AE770F9900C}.Release|Any CPU.Build.0 = Release|Any CPU
		{F6F273CA-E092-4DD9-AAF5-B5276E46EEFE}.Debug|Any CPU.ActiveCfg = Debug|Any CPU
		{F6F273CA-E092-4DD9-AAF5-B5276E46EEFE}.Debug|Any CPU.Build.0 = Debug|Any CPU
		{F6F273CA-E092-4DD9-AAF5-B5276E46EEFE}.Release|Any CPU.ActiveCfg = Release|Any CPU
		{F6F273CA-E092-4DD9-AAF5-B5276E46EEFE}.Release|Any CPU.Build.0 = Release|Any CPU
	EndGlobalSection
	GlobalSection(SolutionProperties) = preSolution
		HideSolutionNode = FALSE
	EndGlobalSection
	GlobalSection(ExtensibilityGlobals) = postSolution
		SolutionGuid = {45688771-0384-42C5-80BB-9481D73BC69E}
	EndGlobalSection
EndGlobal
